
Microsoft Visual Studio Solution File, Format Version 12.00
# Visual Studio Version 17
VisualStudioVersion = 17.1.32319.34
MinimumVisualStudioVersion = 10.0.40219.1
Project("{FAE04EC0-301F-11D3-BF4B-00C04F79EFBC}") = "WebApp", "WebApp\WebApp.csproj", "{6E59B53E-4B71-4788-A0A0-31ACAF56F52C}"
EndProject
Global
	GlobalSection(SolutionConfigurationPlatforms) = preSolution
		Debug|Any CPU = Debug|Any CPU
		Release|Any CPU = Release|Any CPU
	EndGlobalSection
	GlobalSection(ProjectConfigurationPlatforms) = postSolution
		{6E59B53E-4B71-4788-A0A0-31ACAF56F52C}.Debug|Any CPU.ActiveCfg = Debug|Any CPU
		{6E59B53E-4B71-4788-A0A0-31ACAF56F52C}.Debug|Any CPU.Build.0 = Debug|Any CPU
		{6E59B53E-4B71-4788-A0A0-31ACAF56F52C}.Release|Any CPU.ActiveCfg = Release|Any CPU
		{6E59B53E-4B71-4788-A0A0-31ACAF56F52C}.Release|Any CPU.Build.0 = Release|Any CPU
	EndGlobalSection
	GlobalSection(SolutionProperties) = preSolution
		HideSolutionNode = FALSE
	EndGlobalSection
	GlobalSection(ExtensibilityGlobals) = postSolution
		SolutionGuid = {C07D8EDB-013A-4279-97E6-CA96FCBFEBC6}
	EndGlobalSection
EndGlobal
